
Microsoft Visual Studio Solution File, Format Version 12.00
# Visual Studio 15
VisualStudioVersion = 15.0.28307.1267
MinimumVisualStudioVersion = 10.0.40219.1
Project("{8BC9CEB8-8B4A-11D0-8D11-00A0C91BC942}") = "popcount", "popcount\popcount.vcxproj", "{04806B97-0F96-4F95-8832-FC91556C52F9}"
EndProject
Project("{8BC9CEB8-8B4A-11D0-8D11-00A0C91BC942}") = "macros", "macros\macros.vcxproj", "{7EA1A4A2-911D-437C-8382-6FE92046032F}"
EndProject
Project("{8BC9CEB8-8B4A-11D0-8D11-00A0C91BC942}") = "scratch", "scratch\scratch.vcxproj", "{536F4339-ABFE-42F2-9E7B-B13E1E64113A}"
EndProject
Project("{8BC9CEB8-8B4A-11D0-8D11-00A0C91BC942}") = "memory-tracker", "memory-tracker\memory-tracker.vcxproj", "{17227D95-79EE-4D8E-BC7D-E13EDD307D05}"
EndProject
Project("{8BC9CEB8-8B4A-11D0-8D11-00A0C91BC942}") = "project-configuration", "project-configuration\project-configuration.vcxproj", "{D4C66B99-EE4F-415C-B020-6A8C8CF4BA44}"
EndProject
Project("{8BC9CEB8-8B4A-11D0-8D11-00A0C91BC942}") = "malloc-demo", "malloc\malloc.vcxproj", "{62454F44-77B9-4F76-B851-2472CD06CE4B}"
EndProject
Project("{8BC9CEB8-8B4A-11D0-8D11-00A0C91BC942}") = "hello", "hello\hello.vcxproj", "{5FD1C7BE-87CC-482E-970E-15E596C17903}"
EndProject
Project("{8BC9CEB8-8B4A-11D0-8D11-00A0C91BC942}") = "sorting", "sorting\sorting.vcxproj", "{6619C8B1-3CFA-4D23-81D8-7085E300C83C}"
EndProject
Project("{8BC9CEB8-8B4A-11D0-8D11-00A0C91BC942}") = "arrays", "arrays\arrays.vcxproj", "{91147CA0-14D0-485F-B53B-EA11AD9F9489}"
EndProject
Project("{8BC9CEB8-8B4A-11D0-8D11-00A0C91BC942}") = "namespace-collision", "namespace-collision\namespace-collision.vcxproj", "{FEFD9324-67B9-4635-8B23-3872B2CDC32C}"
EndProject
Project("{8BC9CEB8-8B4A-11D0-8D11-00A0C91BC942}") = "doubly-linked-list", "doubly-linked-list\doubly-linked-list.vcxproj", "{96C38DDF-3443-4D3D-AE7C-CCF0216DEB87}"
EndProject
Project("{8BC9CEB8-8B4A-11D0-8D11-00A0C91BC942}") = "type-parameter-extension", "type-parameter-extension\type-parameter-extension.vcxproj", "{71D23400-6795-4947-B092-022FF14798EA}"
EndProject
Project("{8BC9CEB8-8B4A-11D0-8D11-00A0C91BC942}") = "delegating-constructor", "delegating-constructor\delegating-constructor.vcxproj", "{92CC1F22-80B7-4BBB-A693-946CCCAFE0AC}"
EndProject
Project("{8BC9CEB8-8B4A-11D0-8D11-00A0C91BC942}") = "hash-table", "hash-table\hash-table.vcxproj", "{223E9F2D-CA88-403F-87C0-888C24CD53E5}"
EndProject
Project("{8BC9CEB8-8B4A-11D0-8D11-00A0C91BC942}") = "string-demo", "string-demo\string-demo.vcxproj", "{1A8B376F-2B77-4229-B474-8A296835F1BC}"
EndProject
Project("{8BC9CEB8-8B4A-11D0-8D11-00A0C91BC942}") = "pointers", "pointers\pointers.vcxproj", "{4FA745F6-2E69-4B39-9C32-76400F2D8B1F}"
EndProject
Project("{8BC9CEB8-8B4A-11D0-8D11-00A0C91BC942}") = "static", "static\static.vcxproj", "{0E867ABE-6614-43B8-BACB-89BF338FA764}"
EndProject
Project("{8BC9CEB8-8B4A-11D0-8D11-00A0C91BC942}") = "scope", "scope\scope.vcxproj", "{A6E40141-B93A-4D88-827B-7B2ABF9DA78A}"
EndProject
Project("{8BC9CEB8-8B4A-11D0-8D11-00A0C91BC942}") = "threads", "threads\threads.vcxproj", "{36C34B83-4357-490A-BF63-5E725EB8E88B}"
EndProject
Project("{8BC9CEB8-8B4A-11D0-8D11-00A0C91BC942}") = "references", "references\references.vcxproj", "{D561BAC4-1F8E-4488-BFE9-A8BCF35E85FD}"
EndProject
Project("{8BC9CEB8-8B4A-11D0-8D11-00A0C91BC942}") = "async", "async\async.vcxproj", "{6634D1B8-2C37-4F4F-9434-03CCA98673A8}"
EndProject
Project("{8BC9CEB8-8B4A-11D0-8D11-00A0C91BC942}") = "templates", "templates\templates.vcxproj", "{613933BF-C89F-40AF-A687-3EEBFA4929F7}"
EndProject
Project("{8BC9CEB8-8B4A-11D0-8D11-00A0C91BC942}") = "virtual-functions", "virtual-functions\virtual-functions.vcxproj", "{5ACA290D-8E62-40BF-A655-0D33E1C5D84F}"
EndProject
Project("{8BC9CEB8-8B4A-11D0-8D11-00A0C91BC942}") = "exceptions", "exceptions\exceptions.vcxproj", "{6D8AAF02-0664-4940-AD1E-DF2BA59DDBD9}"
EndProject
Project("{8BC9CEB8-8B4A-11D0-8D11-00A0C91BC942}") = "iterators", "iterators\iterators.vcxproj", "{759BCCA1-2BD7-4DB2-B479-2ED21703CE60}"
EndProject
Project("{8BC9CEB8-8B4A-11D0-8D11-00A0C91BC942}") = "const", "const\const.vcxproj", "{428B902D-8B4F-474E-86F7-239C2615E7B6}"
EndProject
Project("{8BC9CEB8-8B4A-11D0-8D11-00A0C91BC942}") = "lambda", "lambda\lambda.vcxproj", "{4E3CE095-7C2A-4A50-BD38-A8AC0B73343E}"
EndProject
Project("{8BC9CEB8-8B4A-11D0-8D11-00A0C91BC942}") = "function-pointers", "function-pointers\function-pointers.vcxproj", "{8834D0EB-4C17-4A03-B8D2-D68572D1C6C6}"
EndProject
Project("{8BC9CEB8-8B4A-11D0-8D11-00A0C91BC942}") = "timing", "timing\timing.vcxproj", "{578EFF4F-5E90-4682-B165-2E8CDFC95758}"
EndProject
Project("{8BC9CEB8-8B4A-11D0-8D11-00A0C91BC942}") = "precompiled-headers", "precompiled-headers\precompiled-headers.vcxproj", "{29BCA586-B0B6-4041-BB9C-6A8ECBB0E9D5}"
EndProject
Project("{8BC9CEB8-8B4A-11D0-8D11-00A0C91BC942}") = "lvalue-rvalue", "lvalue-rvalue\lvalue-rvalue.vcxproj", "{7610F3EC-CA29-4B43-980C-3E74DB6AB5C7}"
EndProject
Project("{8BC9CEB8-8B4A-11D0-8D11-00A0C91BC942}") = "move", "move\move.vcxproj", "{C22C35E4-5224-473A-A509-2AD6A4C00334}"
EndProject
Project("{8BC9CEB8-8B4A-11D0-8D11-00A0C91BC942}") = "static-library-app", "static-library-app\static-library-app.vcxproj", "{6060EDF5-4175-4774-BDD0-317FF39FD2A8}"
EndProject
Project("{8BC9CEB8-8B4A-11D0-8D11-00A0C91BC942}") = "static-library", "static-library\static-library.vcxproj", "{D5812EA0-ED25-43F6-9225-57DD8BFE5C1E}"
EndProject
Project("{8BC9CEB8-8B4A-11D0-8D11-00A0C91BC942}") = "dynamic-library", "dynamic-library\dynamic-library.vcxproj", "{5F3BF93E-6D94-4473-ACD3-A994E9457A50}"
EndProject
Project("{8BC9CEB8-8B4A-11D0-8D11-00A0C91BC942}") = "dynamic-library-app", "dynamic-library-app\dynamic-library-app.vcxproj", "{C267556C-500A-4E8F-8E09-3049CC0AE20C}"
EndProject
Project("{8BC9CEB8-8B4A-11D0-8D11-00A0C91BC942}") = "casting", "casting\casting.vcxproj", "{5711E505-221C-4D6D-AFC7-CABA09598376}"
EndProject
Project("{8BC9CEB8-8B4A-11D0-8D11-00A0C91BC942}") = "visual-benchmarking", "visual-benchmarking\visual-benchmarking.vcxproj", "{CEAD3EE9-0B13-4F51-A9EF-4C0418E7B1BF}"
EndProject
Project("{8BC9CEB8-8B4A-11D0-8D11-00A0C91BC942}") = "singleton", "singleton\singleton.vcxproj", "{0785E74A-5B4C-41AE-B5E7-82BB386EBE35}"
EndProject
Project("{8BC9CEB8-8B4A-11D0-8D11-00A0C91BC942}") = "tuples", "tuples\tuples.vcxproj", "{67588E1B-B9DA-434B-9C49-8DCA53EE7DB9}"
EndProject
Global
	GlobalSection(SolutionConfigurationPlatforms) = preSolution
		Debug|x64 = Debug|x64
		Debug|x86 = Debug|x86
		Release|x64 = Release|x64
		Release|x86 = Release|x86
	EndGlobalSection
	GlobalSection(ProjectConfigurationPlatforms) = postSolution
		{04806B97-0F96-4F95-8832-FC91556C52F9}.Debug|x64.ActiveCfg = Debug|x64
		{04806B97-0F96-4F95-8832-FC91556C52F9}.Debug|x64.Build.0 = Debug|x64
		{04806B97-0F96-4F95-8832-FC91556C52F9}.Debug|x86.ActiveCfg = Debug|Win32
		{04806B97-0F96-4F95-8832-FC91556C52F9}.Debug|x86.Build.0 = Debug|Win32
		{04806B97-0F96-4F95-8832-FC91556C52F9}.Release|x64.ActiveCfg = Release|x64
		{04806B97-0F96-4F95-8832-FC91556C52F9}.Release|x64.Build.0 = Release|x64
		{04806B97-0F96-4F95-8832-FC91556C52F9}.Release|x86.ActiveCfg = Release|Win32
		{04806B97-0F96-4F95-8832-FC91556C52F9}.Release|x86.Build.0 = Release|Win32
		{7EA1A4A2-911D-437C-8382-6FE92046032F}.Debug|x64.ActiveCfg = Debug|x64
		{7EA1A4A2-911D-437C-8382-6FE92046032F}.Debug|x64.Build.0 = Debug|x64
		{7EA1A4A2-911D-437C-8382-6FE92046032F}.Debug|x86.ActiveCfg = Debug|Win32
		{7EA1A4A2-911D-437C-8382-6FE92046032F}.Debug|x86.Build.0 = Debug|Win32
		{7EA1A4A2-911D-437C-8382-6FE92046032F}.Release|x64.ActiveCfg = Release|x64
		{7EA1A4A2-911D-437C-8382-6FE92046032F}.Release|x64.Build.0 = Release|x64
		{7EA1A4A2-911D-437C-8382-6FE92046032F}.Release|x86.ActiveCfg = Release|Win32
		{7EA1A4A2-911D-437C-8382-6FE92046032F}.Release|x86.Build.0 = Release|Win32
		{536F4339-ABFE-42F2-9E7B-B13E1E64113A}.Debug|x64.ActiveCfg = Debug|x64
		{536F4339-ABFE-42F2-9E7B-B13E1E64113A}.Debug|x64.Build.0 = Debug|x64
		{536F4339-ABFE-42F2-9E7B-B13E1E64113A}.Debug|x86.ActiveCfg = Debug|Win32
		{536F4339-ABFE-42F2-9E7B-B13E1E64113A}.Debug|x86.Build.0 = Debug|Win32
		{536F4339-ABFE-42F2-9E7B-B13E1E64113A}.Release|x64.ActiveCfg = Release|x64
		{536F4339-ABFE-42F2-9E7B-B13E1E64113A}.Release|x64.Build.0 = Release|x64
		{536F4339-ABFE-42F2-9E7B-B13E1E64113A}.Release|x86.ActiveCfg = Release|Win32
		{536F4339-ABFE-42F2-9E7B-B13E1E64113A}.Release|x86.Build.0 = Release|Win32
		{17227D95-79EE-4D8E-BC7D-E13EDD307D05}.Debug|x64.ActiveCfg = Debug|x64
		{17227D95-79EE-4D8E-BC7D-E13EDD307D05}.Debug|x64.Build.0 = Debug|x64
		{17227D95-79EE-4D8E-BC7D-E13EDD307D05}.Debug|x86.ActiveCfg = Debug|Win32
		{17227D95-79EE-4D8E-BC7D-E13EDD307D05}.Debug|x86.Build.0 = Debug|Win32
		{17227D95-79EE-4D8E-BC7D-E13EDD307D05}.Release|x64.ActiveCfg = Release|x64
		{17227D95-79EE-4D8E-BC7D-E13EDD307D05}.Release|x64.Build.0 = Release|x64
		{17227D95-79EE-4D8E-BC7D-E13EDD307D05}.Release|x86.ActiveCfg = Release|Win32
		{17227D95-79EE-4D8E-BC7D-E13EDD307D05}.Release|x86.Build.0 = Release|Win32
		{D4C66B99-EE4F-415C-B020-6A8C8CF4BA44}.Debug|x64.ActiveCfg = Debug|x64
		{D4C66B99-EE4F-415C-B020-6A8C8CF4BA44}.Debug|x64.Build.0 = Debug|x64
		{D4C66B99-EE4F-415C-B020-6A8C8CF4BA44}.Debug|x86.ActiveCfg = Debug|Win32
		{D4C66B99-EE4F-415C-B020-6A8C8CF4BA44}.Debug|x86.Build.0 = Debug|Win32
		{D4C66B99-EE4F-415C-B020-6A8C8CF4BA44}.Release|x64.ActiveCfg = Release|x64
		{D4C66B99-EE4F-415C-B020-6A8C8CF4BA44}.Release|x64.Build.0 = Release|x64
		{D4C66B99-EE4F-415C-B020-6A8C8CF4BA44}.Release|x86.ActiveCfg = Release|Win32
		{D4C66B99-EE4F-415C-B020-6A8C8CF4BA44}.Release|x86.Build.0 = Release|Win32
		{62454F44-77B9-4F76-B851-2472CD06CE4B}.Debug|x64.ActiveCfg = Debug|x64
		{62454F44-77B9-4F76-B851-2472CD06CE4B}.Debug|x64.Build.0 = Debug|x64
		{62454F44-77B9-4F76-B851-2472CD06CE4B}.Debug|x86.ActiveCfg = Debug|Win32
		{62454F44-77B9-4F76-B851-2472CD06CE4B}.Debug|x86.Build.0 = Debug|Win32
		{62454F44-77B9-4F76-B851-2472CD06CE4B}.Release|x64.ActiveCfg = Release|x64
		{62454F44-77B9-4F76-B851-2472CD06CE4B}.Release|x64.Build.0 = Release|x64
		{62454F44-77B9-4F76-B851-2472CD06CE4B}.Release|x86.ActiveCfg = Release|Win32
		{62454F44-77B9-4F76-B851-2472CD06CE4B}.Release|x86.Build.0 = Release|Win32
		{5FD1C7BE-87CC-482E-970E-15E596C17903}.Debug|x64.ActiveCfg = Debug|x64
		{5FD1C7BE-87CC-482E-970E-15E596C17903}.Debug|x64.Build.0 = Debug|x64
		{5FD1C7BE-87CC-482E-970E-15E596C17903}.Debug|x86.ActiveCfg = Debug|Win32
		{5FD1C7BE-87CC-482E-970E-15E596C17903}.Debug|x86.Build.0 = Debug|Win32
		{5FD1C7BE-87CC-482E-970E-15E596C17903}.Release|x64.ActiveCfg = Release|x64
		{5FD1C7BE-87CC-482E-970E-15E596C17903}.Release|x64.Build.0 = Release|x64
		{5FD1C7BE-87CC-482E-970E-15E596C17903}.Release|x86.ActiveCfg = Release|Win32
		{5FD1C7BE-87CC-482E-970E-15E596C17903}.Release|x86.Build.0 = Release|Win32
		{6619C8B1-3CFA-4D23-81D8-7085E300C83C}.Debug|x64.ActiveCfg = Debug|x64
		{6619C8B1-3CFA-4D23-81D8-7085E300C83C}.Debug|x64.Build.0 = Debug|x64
		{6619C8B1-3CFA-4D23-81D8-7085E300C83C}.Debug|x86.ActiveCfg = Debug|Win32
		{6619C8B1-3CFA-4D23-81D8-7085E300C83C}.Debug|x86.Build.0 = Debug|Win32
		{6619C8B1-3CFA-4D23-81D8-7085E300C83C}.Release|x64.ActiveCfg = Release|x64
		{6619C8B1-3CFA-4D23-81D8-7085E300C83C}.Release|x64.Build.0 = Release|x64
		{6619C8B1-3CFA-4D23-81D8-7085E300C83C}.Release|x86.ActiveCfg = Release|Win32
		{6619C8B1-3CFA-4D23-81D8-7085E300C83C}.Release|x86.Build.0 = Release|Win32
		{91147CA0-14D0-485F-B53B-EA11AD9F9489}.Debug|x64.ActiveCfg = Debug|x64
		{91147CA0-14D0-485F-B53B-EA11AD9F9489}.Debug|x64.Build.0 = Debug|x64
		{91147CA0-14D0-485F-B53B-EA11AD9F9489}.Debug|x86.ActiveCfg = Debug|Win32
		{91147CA0-14D0-485F-B53B-EA11AD9F9489}.Debug|x86.Build.0 = Debug|Win32
		{91147CA0-14D0-485F-B53B-EA11AD9F9489}.Release|x64.ActiveCfg = Release|x64
		{91147CA0-14D0-485F-B53B-EA11AD9F9489}.Release|x64.Build.0 = Release|x64
		{91147CA0-14D0-485F-B53B-EA11AD9F9489}.Release|x86.ActiveCfg = Release|Win32
		{91147CA0-14D0-485F-B53B-EA11AD9F9489}.Release|x86.Build.0 = Release|Win32
		{FEFD9324-67B9-4635-8B23-3872B2CDC32C}.Debug|x64.ActiveCfg = Debug|x64
		{FEFD9324-67B9-4635-8B23-3872B2CDC32C}.Debug|x64.Build.0 = Debug|x64
		{FEFD9324-67B9-4635-8B23-3872B2CDC32C}.Debug|x86.ActiveCfg = Debug|Win32
		{FEFD9324-67B9-4635-8B23-3872B2CDC32C}.Debug|x86.Build.0 = Debug|Win32
		{FEFD9324-67B9-4635-8B23-3872B2CDC32C}.Release|x64.ActiveCfg = Release|x64
		{FEFD9324-67B9-4635-8B23-3872B2CDC32C}.Release|x64.Build.0 = Release|x64
		{FEFD9324-67B9-4635-8B23-3872B2CDC32C}.Release|x86.ActiveCfg = Release|Win32
		{FEFD9324-67B9-4635-8B23-3872B2CDC32C}.Release|x86.Build.0 = Release|Win32
		{96C38DDF-3443-4D3D-AE7C-CCF0216DEB87}.Debug|x64.ActiveCfg = Debug|x64
		{96C38DDF-3443-4D3D-AE7C-CCF0216DEB87}.Debug|x64.Build.0 = Debug|x64
		{96C38DDF-3443-4D3D-AE7C-CCF0216DEB87}.Debug|x86.ActiveCfg = Debug|Win32
		{96C38DDF-3443-4D3D-AE7C-CCF0216DEB87}.Debug|x86.Build.0 = Debug|Win32
		{96C38DDF-3443-4D3D-AE7C-CCF0216DEB87}.Release|x64.ActiveCfg = Release|x64
		{96C38DDF-3443-4D3D-AE7C-CCF0216DEB87}.Release|x64.Build.0 = Release|x64
		{96C38DDF-3443-4D3D-AE7C-CCF0216DEB87}.Release|x86.ActiveCfg = Release|Win32
		{96C38DDF-3443-4D3D-AE7C-CCF0216DEB87}.Release|x86.Build.0 = Release|Win32
		{71D23400-6795-4947-B092-022FF14798EA}.Debug|x64.ActiveCfg = Debug|x64
		{71D23400-6795-4947-B092-022FF14798EA}.Debug|x64.Build.0 = Debug|x64
		{71D23400-6795-4947-B092-022FF14798EA}.Debug|x86.ActiveCfg = Debug|Win32
		{71D23400-6795-4947-B092-022FF14798EA}.Debug|x86.Build.0 = Debug|Win32
		{71D23400-6795-4947-B092-022FF14798EA}.Release|x64.ActiveCfg = Release|x64
		{71D23400-6795-4947-B092-022FF14798EA}.Release|x64.Build.0 = Release|x64
		{71D23400-6795-4947-B092-022FF14798EA}.Release|x86.ActiveCfg = Release|Win32
		{71D23400-6795-4947-B092-022FF14798EA}.Release|x86.Build.0 = Release|Win32
		{92CC1F22-80B7-4BBB-A693-946CCCAFE0AC}.Debug|x64.ActiveCfg = Debug|x64
		{92CC1F22-80B7-4BBB-A693-946CCCAFE0AC}.Debug|x64.Build.0 = Debug|x64
		{92CC1F22-80B7-4BBB-A693-946CCCAFE0AC}.Debug|x86.ActiveCfg = Debug|Win32
		{92CC1F22-80B7-4BBB-A693-946CCCAFE0AC}.Debug|x86.Build.0 = Debug|Win32
		{92CC1F22-80B7-4BBB-A693-946CCCAFE0AC}.Release|x64.ActiveCfg = Release|x64
		{92CC1F22-80B7-4BBB-A693-946CCCAFE0AC}.Release|x64.Build.0 = Release|x64
		{92CC1F22-80B7-4BBB-A693-946CCCAFE0AC}.Release|x86.ActiveCfg = Release|Win32
		{92CC1F22-80B7-4BBB-A693-946CCCAFE0AC}.Release|x86.Build.0 = Release|Win32
		{223E9F2D-CA88-403F-87C0-888C24CD53E5}.Debug|x64.ActiveCfg = Debug|x64
		{223E9F2D-CA88-403F-87C0-888C24CD53E5}.Debug|x64.Build.0 = Debug|x64
		{223E9F2D-CA88-403F-87C0-888C24CD53E5}.Debug|x86.ActiveCfg = Debug|Win32
		{223E9F2D-CA88-403F-87C0-888C24CD53E5}.Debug|x86.Build.0 = Debug|Win32
		{223E9F2D-CA88-403F-87C0-888C24CD53E5}.Release|x64.ActiveCfg = Release|x64
		{223E9F2D-CA88-403F-87C0-888C24CD53E5}.Release|x64.Build.0 = Release|x64
		{223E9F2D-CA88-403F-87C0-888C24CD53E5}.Release|x86.ActiveCfg = Release|Win32
		{223E9F2D-CA88-403F-87C0-888C24CD53E5}.Release|x86.Build.0 = Release|Win32
		{1A8B376F-2B77-4229-B474-8A296835F1BC}.Debug|x64.ActiveCfg = Debug|x64
		{1A8B376F-2B77-4229-B474-8A296835F1BC}.Debug|x64.Build.0 = Debug|x64
		{1A8B376F-2B77-4229-B474-8A296835F1BC}.Debug|x86.ActiveCfg = Debug|Win32
		{1A8B376F-2B77-4229-B474-8A296835F1BC}.Debug|x86.Build.0 = Debug|Win32
		{1A8B376F-2B77-4229-B474-8A296835F1BC}.Release|x64.ActiveCfg = Release|x64
		{1A8B376F-2B77-4229-B474-8A296835F1BC}.Release|x64.Build.0 = Release|x64
		{1A8B376F-2B77-4229-B474-8A296835F1BC}.Release|x86.ActiveCfg = Release|Win32
		{1A8B376F-2B77-4229-B474-8A296835F1BC}.Release|x86.Build.0 = Release|Win32
		{4FA745F6-2E69-4B39-9C32-76400F2D8B1F}.Debug|x64.ActiveCfg = Debug|x64
		{4FA745F6-2E69-4B39-9C32-76400F2D8B1F}.Debug|x64.Build.0 = Debug|x64
		{4FA745F6-2E69-4B39-9C32-76400F2D8B1F}.Debug|x86.ActiveCfg = Debug|Win32
		{4FA745F6-2E69-4B39-9C32-76400F2D8B1F}.Debug|x86.Build.0 = Debug|Win32
		{4FA745F6-2E69-4B39-9C32-76400F2D8B1F}.Release|x64.ActiveCfg = Release|x64
		{4FA745F6-2E69-4B39-9C32-76400F2D8B1F}.Release|x64.Build.0 = Release|x64
		{4FA745F6-2E69-4B39-9C32-76400F2D8B1F}.Release|x86.ActiveCfg = Release|Win32
		{4FA745F6-2E69-4B39-9C32-76400F2D8B1F}.Release|x86.Build.0 = Release|Win32
		{0E867ABE-6614-43B8-BACB-89BF338FA764}.Debug|x64.ActiveCfg = Debug|x64
		{0E867ABE-6614-43B8-BACB-89BF338FA764}.Debug|x64.Build.0 = Debug|x64
		{0E867ABE-6614-43B8-BACB-89BF338FA764}.Debug|x86.ActiveCfg = Debug|Win32
		{0E867ABE-6614-43B8-BACB-89BF338FA764}.Debug|x86.Build.0 = Debug|Win32
		{0E867ABE-6614-43B8-BACB-89BF338FA764}.Release|x64.ActiveCfg = Release|x64
		{0E867ABE-6614-43B8-BACB-89BF338FA764}.Release|x64.Build.0 = Release|x64
		{0E867ABE-6614-43B8-BACB-89BF338FA764}.Release|x86.ActiveCfg = Release|Win32
		{0E867ABE-6614-43B8-BACB-89BF338FA764}.Release|x86.Build.0 = Release|Win32
		{A6E40141-B93A-4D88-827B-7B2ABF9DA78A}.Debug|x64.ActiveCfg = Debug|x64
		{A6E40141-B93A-4D88-827B-7B2ABF9DA78A}.Debug|x64.Build.0 = Debug|x64
		{A6E40141-B93A-4D88-827B-7B2ABF9DA78A}.Debug|x86.ActiveCfg = Debug|Win32
		{A6E40141-B93A-4D88-827B-7B2ABF9DA78A}.Debug|x86.Build.0 = Debug|Win32
		{A6E40141-B93A-4D88-827B-7B2ABF9DA78A}.Release|x64.ActiveCfg = Release|x64
		{A6E40141-B93A-4D88-827B-7B2ABF9DA78A}.Release|x64.Build.0 = Release|x64
		{A6E40141-B93A-4D88-827B-7B2ABF9DA78A}.Release|x86.ActiveCfg = Release|Win32
		{A6E40141-B93A-4D88-827B-7B2ABF9DA78A}.Release|x86.Build.0 = Release|Win32
		{36C34B83-4357-490A-BF63-5E725EB8E88B}.Debug|x64.ActiveCfg = Debug|x64
		{36C34B83-4357-490A-BF63-5E725EB8E88B}.Debug|x64.Build.0 = Debug|x64
		{36C34B83-4357-490A-BF63-5E725EB8E88B}.Debug|x86.ActiveCfg = Debug|Win32
		{36C34B83-4357-490A-BF63-5E725EB8E88B}.Debug|x86.Build.0 = Debug|Win32
		{36C34B83-4357-490A-BF63-5E725EB8E88B}.Release|x64.ActiveCfg = Release|x64
		{36C34B83-4357-490A-BF63-5E725EB8E88B}.Release|x64.Build.0 = Release|x64
		{36C34B83-4357-490A-BF63-5E725EB8E88B}.Release|x86.ActiveCfg = Release|Win32
		{36C34B83-4357-490A-BF63-5E725EB8E88B}.Release|x86.Build.0 = Release|Win32
		{D561BAC4-1F8E-4488-BFE9-A8BCF35E85FD}.Debug|x64.ActiveCfg = Debug|x64
		{D561BAC4-1F8E-4488-BFE9-A8BCF35E85FD}.Debug|x64.Build.0 = Debug|x64
		{D561BAC4-1F8E-4488-BFE9-A8BCF35E85FD}.Debug|x86.ActiveCfg = Debug|Win32
		{D561BAC4-1F8E-4488-BFE9-A8BCF35E85FD}.Debug|x86.Build.0 = Debug|Win32
		{D561BAC4-1F8E-4488-BFE9-A8BCF35E85FD}.Release|x64.ActiveCfg = Release|x64
		{D561BAC4-1F8E-4488-BFE9-A8BCF35E85FD}.Release|x64.Build.0 = Release|x64
		{D561BAC4-1F8E-4488-BFE9-A8BCF35E85FD}.Release|x86.ActiveCfg = Release|Win32
		{D561BAC4-1F8E-4488-BFE9-A8BCF35E85FD}.Release|x86.Build.0 = Release|Win32
		{6634D1B8-2C37-4F4F-9434-03CCA98673A8}.Debug|x64.ActiveCfg = Debug|x64
		{6634D1B8-2C37-4F4F-9434-03CCA98673A8}.Debug|x64.Build.0 = Debug|x64
		{6634D1B8-2C37-4F4F-9434-03CCA98673A8}.Debug|x86.ActiveCfg = Debug|Win32
		{6634D1B8-2C37-4F4F-9434-03CCA98673A8}.Debug|x86.Build.0 = Debug|Win32
		{6634D1B8-2C37-4F4F-9434-03CCA98673A8}.Release|x64.ActiveCfg = Release|x64
		{6634D1B8-2C37-4F4F-9434-03CCA98673A8}.Release|x64.Build.0 = Release|x64
		{6634D1B8-2C37-4F4F-9434-03CCA98673A8}.Release|x86.ActiveCfg = Release|Win32
		{6634D1B8-2C37-4F4F-9434-03CCA98673A8}.Release|x86.Build.0 = Release|Win32
		{613933BF-C89F-40AF-A687-3EEBFA4929F7}.Debug|x64.ActiveCfg = Debug|x64
		{613933BF-C89F-40AF-A687-3EEBFA4929F7}.Debug|x64.Build.0 = Debug|x64
		{613933BF-C89F-40AF-A687-3EEBFA4929F7}.Debug|x86.ActiveCfg = Debug|Win32
		{613933BF-C89F-40AF-A687-3EEBFA4929F7}.Debug|x86.Build.0 = Debug|Win32
		{613933BF-C89F-40AF-A687-3EEBFA4929F7}.Release|x64.ActiveCfg = Release|x64
		{613933BF-C89F-40AF-A687-3EEBFA4929F7}.Release|x64.Build.0 = Release|x64
		{613933BF-C89F-40AF-A687-3EEBFA4929F7}.Release|x86.ActiveCfg = Release|Win32
		{613933BF-C89F-40AF-A687-3EEBFA4929F7}.Release|x86.Build.0 = Release|Win32
		{5ACA290D-8E62-40BF-A655-0D33E1C5D84F}.Debug|x64.ActiveCfg = Debug|x64
		{5ACA290D-8E62-40BF-A655-0D33E1C5D84F}.Debug|x64.Build.0 = Debug|x64
		{5ACA290D-8E62-40BF-A655-0D33E1C5D84F}.Debug|x86.ActiveCfg = Debug|Win32
		{5ACA290D-8E62-40BF-A655-0D33E1C5D84F}.Debug|x86.Build.0 = Debug|Win32
		{5ACA290D-8E62-40BF-A655-0D33E1C5D84F}.Release|x64.ActiveCfg = Release|x64
		{5ACA290D-8E62-40BF-A655-0D33E1C5D84F}.Release|x64.Build.0 = Release|x64
		{5ACA290D-8E62-40BF-A655-0D33E1C5D84F}.Release|x86.ActiveCfg = Release|Win32
		{5ACA290D-8E62-40BF-A655-0D33E1C5D84F}.Release|x86.Build.0 = Release|Win32
		{6D8AAF02-0664-4940-AD1E-DF2BA59DDBD9}.Debug|x64.ActiveCfg = Debug|x64
		{6D8AAF02-0664-4940-AD1E-DF2BA59DDBD9}.Debug|x64.Build.0 = Debug|x64
		{6D8AAF02-0664-4940-AD1E-DF2BA59DDBD9}.Debug|x86.ActiveCfg = Debug|Win32
		{6D8AAF02-0664-4940-AD1E-DF2BA59DDBD9}.Debug|x86.Build.0 = Debug|Win32
		{6D8AAF02-0664-4940-AD1E-DF2BA59DDBD9}.Release|x64.ActiveCfg = Release|x64
		{6D8AAF02-0664-4940-AD1E-DF2BA59DDBD9}.Release|x64.Build.0 = Release|x64
		{6D8AAF02-0664-4940-AD1E-DF2BA59DDBD9}.Release|x86.ActiveCfg = Release|Win32
		{6D8AAF02-0664-4940-AD1E-DF2BA59DDBD9}.Release|x86.Build.0 = Release|Win32
		{759BCCA1-2BD7-4DB2-B479-2ED21703CE60}.Debug|x64.ActiveCfg = Debug|x64
		{759BCCA1-2BD7-4DB2-B479-2ED21703CE60}.Debug|x64.Build.0 = Debug|x64
		{759BCCA1-2BD7-4DB2-B479-2ED21703CE60}.Debug|x86.ActiveCfg = Debug|Win32
		{759BCCA1-2BD7-4DB2-B479-2ED21703CE60}.Debug|x86.Build.0 = Debug|Win32
		{759BCCA1-2BD7-4DB2-B479-2ED21703CE60}.Release|x64.ActiveCfg = Release|x64
		{759BCCA1-2BD7-4DB2-B479-2ED21703CE60}.Release|x64.Build.0 = Release|x64
		{759BCCA1-2BD7-4DB2-B479-2ED21703CE60}.Release|x86.ActiveCfg = Release|Win32
		{759BCCA1-2BD7-4DB2-B479-2ED21703CE60}.Release|x86.Build.0 = Release|Win32
		{428B902D-8B4F-474E-86F7-239C2615E7B6}.Debug|x64.ActiveCfg = Debug|x64
		{428B902D-8B4F-474E-86F7-239C2615E7B6}.Debug|x64.Build.0 = Debug|x64
		{428B902D-8B4F-474E-86F7-239C2615E7B6}.Debug|x86.ActiveCfg = Debug|Win32
		{428B902D-8B4F-474E-86F7-239C2615E7B6}.Debug|x86.Build.0 = Debug|Win32
		{428B902D-8B4F-474E-86F7-239C2615E7B6}.Release|x64.ActiveCfg = Release|x64
		{428B902D-8B4F-474E-86F7-239C2615E7B6}.Release|x64.Build.0 = Release|x64
		{428B902D-8B4F-474E-86F7-239C2615E7B6}.Release|x86.ActiveCfg = Release|Win32
		{428B902D-8B4F-474E-86F7-239C2615E7B6}.Release|x86.Build.0 = Release|Win32
		{4E3CE095-7C2A-4A50-BD38-A8AC0B73343E}.Debug|x64.ActiveCfg = Debug|x64
		{4E3CE095-7C2A-4A50-BD38-A8AC0B73343E}.Debug|x64.Build.0 = Debug|x64
		{4E3CE095-7C2A-4A50-BD38-A8AC0B73343E}.Debug|x86.ActiveCfg = Debug|Win32
		{4E3CE095-7C2A-4A50-BD38-A8AC0B73343E}.Debug|x86.Build.0 = Debug|Win32
		{4E3CE095-7C2A-4A50-BD38-A8AC0B73343E}.Release|x64.ActiveCfg = Release|x64
		{4E3CE095-7C2A-4A50-BD38-A8AC0B73343E}.Release|x64.Build.0 = Release|x64
		{4E3CE095-7C2A-4A50-BD38-A8AC0B73343E}.Release|x86.ActiveCfg = Release|Win32
		{4E3CE095-7C2A-4A50-BD38-A8AC0B73343E}.Release|x86.Build.0 = Release|Win32
		{8834D0EB-4C17-4A03-B8D2-D68572D1C6C6}.Debug|x64.ActiveCfg = Debug|x64
		{8834D0EB-4C17-4A03-B8D2-D68572D1C6C6}.Debug|x64.Build.0 = Debug|x64
		{8834D0EB-4C17-4A03-B8D2-D68572D1C6C6}.Debug|x86.ActiveCfg = Debug|Win32
		{8834D0EB-4C17-4A03-B8D2-D68572D1C6C6}.Debug|x86.Build.0 = Debug|Win32
		{8834D0EB-4C17-4A03-B8D2-D68572D1C6C6}.Release|x64.ActiveCfg = Release|x64
		{8834D0EB-4C17-4A03-B8D2-D68572D1C6C6}.Release|x64.Build.0 = Release|x64
		{8834D0EB-4C17-4A03-B8D2-D68572D1C6C6}.Release|x86.ActiveCfg = Release|Win32
		{8834D0EB-4C17-4A03-B8D2-D68572D1C6C6}.Release|x86.Build.0 = Release|Win32
		{578EFF4F-5E90-4682-B165-2E8CDFC95758}.Debug|x64.ActiveCfg = Debug|x64
		{578EFF4F-5E90-4682-B165-2E8CDFC95758}.Debug|x64.Build.0 = Debug|x64
		{578EFF4F-5E90-4682-B165-2E8CDFC95758}.Debug|x86.ActiveCfg = Debug|Win32
		{578EFF4F-5E90-4682-B165-2E8CDFC95758}.Debug|x86.Build.0 = Debug|Win32
		{578EFF4F-5E90-4682-B165-2E8CDFC95758}.Release|x64.ActiveCfg = Release|x64
		{578EFF4F-5E90-4682-B165-2E8CDFC95758}.Release|x64.Build.0 = Release|x64
		{578EFF4F-5E90-4682-B165-2E8CDFC95758}.Release|x86.ActiveCfg = Release|Win32
		{578EFF4F-5E90-4682-B165-2E8CDFC95758}.Release|x86.Build.0 = Release|Win32
		{29BCA586-B0B6-4041-BB9C-6A8ECBB0E9D5}.Debug|x64.ActiveCfg = Debug|x64
		{29BCA586-B0B6-4041-BB9C-6A8ECBB0E9D5}.Debug|x64.Build.0 = Debug|x64
		{29BCA586-B0B6-4041-BB9C-6A8ECBB0E9D5}.Debug|x86.ActiveCfg = Debug|Win32
		{29BCA586-B0B6-4041-BB9C-6A8ECBB0E9D5}.Debug|x86.Build.0 = Debug|Win32
		{29BCA586-B0B6-4041-BB9C-6A8ECBB0E9D5}.Release|x64.ActiveCfg = Release|x64
		{29BCA586-B0B6-4041-BB9C-6A8ECBB0E9D5}.Release|x64.Build.0 = Release|x64
		{29BCA586-B0B6-4041-BB9C-6A8ECBB0E9D5}.Release|x86.ActiveCfg = Release|Win32
		{29BCA586-B0B6-4041-BB9C-6A8ECBB0E9D5}.Release|x86.Build.0 = Release|Win32
		{7610F3EC-CA29-4B43-980C-3E74DB6AB5C7}.Debug|x64.ActiveCfg = Debug|x64
		{7610F3EC-CA29-4B43-980C-3E74DB6AB5C7}.Debug|x64.Build.0 = Debug|x64
		{7610F3EC-CA29-4B43-980C-3E74DB6AB5C7}.Debug|x86.ActiveCfg = Debug|Win32
		{7610F3EC-CA29-4B43-980C-3E74DB6AB5C7}.Debug|x86.Build.0 = Debug|Win32
		{7610F3EC-CA29-4B43-980C-3E74DB6AB5C7}.Release|x64.ActiveCfg = Release|x64
		{7610F3EC-CA29-4B43-980C-3E74DB6AB5C7}.Release|x64.Build.0 = Release|x64
		{7610F3EC-CA29-4B43-980C-3E74DB6AB5C7}.Release|x86.ActiveCfg = Release|Win32
		{7610F3EC-CA29-4B43-980C-3E74DB6AB5C7}.Release|x86.Build.0 = Release|Win32
		{C22C35E4-5224-473A-A509-2AD6A4C00334}.Debug|x64.ActiveCfg = Debug|x64
		{C22C35E4-5224-473A-A509-2AD6A4C00334}.Debug|x64.Build.0 = Debug|x64
		{C22C35E4-5224-473A-A509-2AD6A4C00334}.Debug|x86.ActiveCfg = Debug|Win32
		{C22C35E4-5224-473A-A509-2AD6A4C00334}.Debug|x86.Build.0 = Debug|Win32
		{C22C35E4-5224-473A-A509-2AD6A4C00334}.Release|x64.ActiveCfg = Release|x64
		{C22C35E4-5224-473A-A509-2AD6A4C00334}.Release|x64.Build.0 = Release|x64
		{C22C35E4-5224-473A-A509-2AD6A4C00334}.Release|x86.ActiveCfg = Release|Win32
		{C22C35E4-5224-473A-A509-2AD6A4C00334}.Release|x86.Build.0 = Release|Win32
		{6060EDF5-4175-4774-BDD0-317FF39FD2A8}.Debug|x64.ActiveCfg = Debug|x64
		{6060EDF5-4175-4774-BDD0-317FF39FD2A8}.Debug|x64.Build.0 = Debug|x64
		{6060EDF5-4175-4774-BDD0-317FF39FD2A8}.Debug|x86.ActiveCfg = Debug|Win32
		{6060EDF5-4175-4774-BDD0-317FF39FD2A8}.Debug|x86.Build.0 = Debug|Win32
		{6060EDF5-4175-4774-BDD0-317FF39FD2A8}.Release|x64.ActiveCfg = Release|x64
		{6060EDF5-4175-4774-BDD0-317FF39FD2A8}.Release|x64.Build.0 = Release|x64
		{6060EDF5-4175-4774-BDD0-317FF39FD2A8}.Release|x86.ActiveCfg = Release|Win32
		{6060EDF5-4175-4774-BDD0-317FF39FD2A8}.Release|x86.Build.0 = Release|Win32
		{D5812EA0-ED25-43F6-9225-57DD8BFE5C1E}.Debug|x64.ActiveCfg = Debug|x64
		{D5812EA0-ED25-43F6-9225-57DD8BFE5C1E}.Debug|x64.Build.0 = Debug|x64
		{D5812EA0-ED25-43F6-9225-57DD8BFE5C1E}.Debug|x86.ActiveCfg = Debug|Win32
		{D5812EA0-ED25-43F6-9225-57DD8BFE5C1E}.Debug|x86.Build.0 = Debug|Win32
		{D5812EA0-ED25-43F6-9225-57DD8BFE5C1E}.Release|x64.ActiveCfg = Release|x64
		{D5812EA0-ED25-43F6-9225-57DD8BFE5C1E}.Release|x64.Build.0 = Release|x64
		{D5812EA0-ED25-43F6-9225-57DD8BFE5C1E}.Release|x86.ActiveCfg = Release|Win32
		{D5812EA0-ED25-43F6-9225-57DD8BFE5C1E}.Release|x86.Build.0 = Release|Win32
		{5F3BF93E-6D94-4473-ACD3-A994E9457A50}.Debug|x64.ActiveCfg = Debug|x64
		{5F3BF93E-6D94-4473-ACD3-A994E9457A50}.Debug|x64.Build.0 = Debug|x64
		{5F3BF93E-6D94-4473-ACD3-A994E9457A50}.Debug|x86.ActiveCfg = Debug|Win32
		{5F3BF93E-6D94-4473-ACD3-A994E9457A50}.Debug|x86.Build.0 = Debug|Win32
		{5F3BF93E-6D94-4473-ACD3-A994E9457A50}.Release|x64.ActiveCfg = Release|x64
		{5F3BF93E-6D94-4473-ACD3-A994E9457A50}.Release|x64.Build.0 = Release|x64
		{5F3BF93E-6D94-4473-ACD3-A994E9457A50}.Release|x86.ActiveCfg = Release|Win32
		{5F3BF93E-6D94-4473-ACD3-A994E9457A50}.Release|x86.Build.0 = Release|Win32
		{C267556C-500A-4E8F-8E09-3049CC0AE20C}.Debug|x64.ActiveCfg = Debug|x64
		{C267556C-500A-4E8F-8E09-3049CC0AE20C}.Debug|x64.Build.0 = Debug|x64
		{C267556C-500A-4E8F-8E09-3049CC0AE20C}.Debug|x86.ActiveCfg = Debug|Win32
		{C267556C-500A-4E8F-8E09-3049CC0AE20C}.Debug|x86.Build.0 = Debug|Win32
		{C267556C-500A-4E8F-8E09-3049CC0AE20C}.Release|x64.ActiveCfg = Release|x64
		{C267556C-500A-4E8F-8E09-3049CC0AE20C}.Release|x64.Build.0 = Release|x64
		{C267556C-500A-4E8F-8E09-3049CC0AE20C}.Release|x86.ActiveCfg = Release|Win32
		{C267556C-500A-4E8F-8E09-3049CC0AE20C}.Release|x86.Build.0 = Release|Win32
		{5711E505-221C-4D6D-AFC7-CABA09598376}.Debug|x64.ActiveCfg = Debug|x64
		{5711E505-221C-4D6D-AFC7-CABA09598376}.Debug|x64.Build.0 = Debug|x64
		{5711E505-221C-4D6D-AFC7-CABA09598376}.Debug|x86.ActiveCfg = Debug|Win32
		{5711E505-221C-4D6D-AFC7-CABA09598376}.Debug|x86.Build.0 = Debug|Win32
		{5711E505-221C-4D6D-AFC7-CABA09598376}.Release|x64.ActiveCfg = Release|x64
		{5711E505-221C-4D6D-AFC7-CABA09598376}.Release|x64.Build.0 = Release|x64
		{5711E505-221C-4D6D-AFC7-CABA09598376}.Release|x86.ActiveCfg = Release|Win32
		{5711E505-221C-4D6D-AFC7-CABA09598376}.Release|x86.Build.0 = Release|Win32
		{CEAD3EE9-0B13-4F51-A9EF-4C0418E7B1BF}.Debug|x64.ActiveCfg = Debug|x64
		{CEAD3EE9-0B13-4F51-A9EF-4C0418E7B1BF}.Debug|x64.Build.0 = Debug|x64
		{CEAD3EE9-0B13-4F51-A9EF-4C0418E7B1BF}.Debug|x86.ActiveCfg = Debug|Win32
		{CEAD3EE9-0B13-4F51-A9EF-4C0418E7B1BF}.Debug|x86.Build.0 = Debug|Win32
		{CEAD3EE9-0B13-4F51-A9EF-4C0418E7B1BF}.Release|x64.ActiveCfg = Release|x64
		{CEAD3EE9-0B13-4F51-A9EF-4C0418E7B1BF}.Release|x64.Build.0 = Release|x64
		{CEAD3EE9-0B13-4F51-A9EF-4C0418E7B1BF}.Release|x86.ActiveCfg = Release|Win32
		{CEAD3EE9-0B13-4F51-A9EF-4C0418E7B1BF}.Release|x86.Build.0 = Release|Win32
		{0785E74A-5B4C-41AE-B5E7-82BB386EBE35}.Debug|x64.ActiveCfg = Debug|x64
		{0785E74A-5B4C-41AE-B5E7-82BB386EBE35}.Debug|x64.Build.0 = Debug|x64
		{0785E74A-5B4C-41AE-B5E7-82BB386EBE35}.Debug|x86.ActiveCfg = Debug|Win32
		{0785E74A-5B4C-41AE-B5E7-82BB386EBE35}.Debug|x86.Build.0 = Debug|Win32
		{0785E74A-5B4C-41AE-B5E7-82BB386EBE35}.Release|x64.ActiveCfg = Release|x64
		{0785E74A-5B4C-41AE-B5E7-82BB386EBE35}.Release|x64.Build.0 = Release|x64
		{0785E74A-5B4C-41AE-B5E7-82BB386EBE35}.Release|x86.ActiveCfg = Release|Win32
		{0785E74A-5B4C-41AE-B5E7-82BB386EBE35}.Release|x86.Build.0 = Release|Win32
		{67588E1B-B9DA-434B-9C49-8DCA53EE7DB9}.Debug|x64.ActiveCfg = Debug|x64
		{67588E1B-B9DA-434B-9C49-8DCA53EE7DB9}.Debug|x64.Build.0 = Debug|x64
		{67588E1B-B9DA-434B-9C49-8DCA53EE7DB9}.Debug|x86.ActiveCfg = Debug|Win32
		{67588E1B-B9DA-434B-9C49-8DCA53EE7DB9}.Debug|x86.Build.0 = Debug|Win32
		{67588E1B-B9DA-434B-9C49-8DCA53EE7DB9}.Release|x64.ActiveCfg = Release|x64
		{67588E1B-B9DA-434B-9C49-8DCA53EE7DB9}.Release|x64.Build.0 = Release|x64
		{67588E1B-B9DA-434B-9C49-8DCA53EE7DB9}.Release|x86.ActiveCfg = Release|Win32
		{67588E1B-B9DA-434B-9C49-8DCA53EE7DB9}.Release|x86.Build.0 = Release|Win32
	EndGlobalSection
	GlobalSection(SolutionProperties) = preSolution
		HideSolutionNode = FALSE
	EndGlobalSection
	GlobalSection(ExtensibilityGlobals) = postSolution
		SolutionGuid = {2C2D8CB7-4BC4-440D-A798-4E8BC7D51415}
	EndGlobalSection
EndGlobal
