
Microsoft Visual Studio Solution File, Format Version 12.00
# Visual Studio 15
VisualStudioVersion = 15.0.28307.1267
MinimumVisualStudioVersion = 10.0.40219.1
Project("{8BC9CEB8-8B4A-11D0-8D11-00A0C91BC942}") = "popcount", "popcount\popcount.vcxproj", "{04806B97-0F96-4F95-8832-FC91556C52F9}"
EndProject
Project("{8BC9CEB8-8B4A-11D0-8D11-00A0C91BC942}") = "macros", "macros\macros.vcxproj", "{7EA1A4A2-911D-437C-8382-6FE92046032F}"
EndProject
Project("{8BC9CEB8-8B4A-11D0-8D11-00A0C91BC942}") = "scratch", "scratch\scratch.vcxproj", "{536F4339-ABFE-42F2-9E7B-B13E1E64113A}"
EndProject
Project("{8BC9CEB8-8B4A-11D0-8D11-00A0C91BC942}") = "memory-tracker", "memory-tracker\memory-tracker.vcxproj", "{17227D95-79EE-4D8E-BC7D-E13EDD307D05}"
EndProject
Project("{8BC9CEB8-8B4A-11D0-8D11-00A0C91BC942}") = "project-configuration", "project-configuration\project-configuration.vcxproj", "{D4C66B99-EE4F-415C-B020-6A8C8CF4BA44}"
EndProject
Project("{8BC9CEB8-8B4A-11D0-8D11-00A0C91BC942}") = "malloc-demo", "malloc\malloc.vcxproj", "{62454F44-77B9-4F76-B851-2472CD06CE4B}"
EndProject
Project("{8BC9CEB8-8B4A-11D0-8D11-00A0C91BC942}") = "hello", "hello\hello.vcxproj", "{5FD1C7BE-87CC-482E-970E-15E596C17903}"
EndProject
Project("{8BC9CEB8-8B4A-11D0-8D11-00A0C91BC942}") = "sorting", "sorting\sorting.vcxproj", "{6619C8B1-3CFA-4D23-81D8-7085E300C83C}"
EndProject
Project("{8BC9CEB8-8B4A-11D0-8D11-00A0C91BC942}") = "arrays", "arrays\arrays.vcxproj", "{91147CA0-14D0-485F-B53B-EA11AD9F9489}"
EndProject
Project("{8BC9CEB8-8B4A-11D0-8D11-00A0C91BC942}") = "namespace-collision", "namespace-collision\namespace-collision.vcxproj", "{FEFD9324-67B9-4635-8B23-3872B2CDC32C}"
EndProject
Project("{8BC9CEB8-8B4A-11D0-8D11-00A0C91BC942}") = "doubly-linked-list", "doubly-linked-list\doubly-linked-list.vcxproj", "{96C38DDF-3443-4D3D-AE7C-CCF0216DEB87}"
EndProject
Project("{8BC9CEB8-8B4A-11D0-8D11-00A0C91BC942}") = "type-parameter-extension", "type-parameter-extension\type-parameter-extension.vcxproj", "{71D23400-6795-4947-B092-022FF14798EA}"
EndProject
Project("{8BC9CEB8-8B4A-11D0-8D11-00A0C91BC942}") = "delegating-constructor", "delegating-constructor\delegating-constructor.vcxproj", "{92CC1F22-80B7-4BBB-A693-946CCCAFE0AC}"
EndProject
Project("{8BC9CEB8-8B4A-11D0-8D11-00A0C91BC942}") = "hash-table", "hash-table\hash-table.vcxproj", "{223E9F2D-CA88-403F-87C0-888C24CD53E5}"
EndProject
Project("{8BC9CEB8-8B4A-11D0-8D11-00A0C91BC942}") = "string-demo", "string-demo\string-demo.vcxproj", "{1A8B376F-2B77-4229-B474-8A296835F1BC}"
EndProject
Project("{8BC9CEB8-8B4A-11D0-8D11-00A0C91BC942}") = "pointers", "pointers\pointers.vcxproj", "{4FA745F6-2E69-4B39-9C32-76400F2D8B1F}"
EndProject
Project("{8BC9CEB8-8B4A-11D0-8D11-00A0C91BC942}") = "static", "static\static.vcxproj", "{0E867ABE-6614-43B8-BACB-89BF338FA764}"
EndProject
Project("{8BC9CEB8-8B4A-11D0-8D11-00A0C91BC942}") = "scope", "scope\scope.vcxproj", "{A6E40141-B93A-4D88-827B-7B2ABF9DA78A}"
EndProject
Project("{8BC9CEB8-8B4A-11D0-8D11-00A0C91BC942}") = "threads", "threads\threads.vcxproj", "{36C34B83-4357-490A-BF63-5E725EB8E88B}"
EndProject
Project("{8BC9CEB8-8B4A-11D0-8D11-00A0C91BC942}") = "references", "references\references.vcxproj", "{D561BAC4-1F8E-4488-BFE9-A8BCF35E85FD}"
EndProject
Project("{8BC9CEB8-8B4A-11D0-8D11-00A0C91BC942}") = "async", "async\async.vcxproj", "{6634D1B8-2C37-4F4F-9434-03CCA98673A8}"
EndProject
Project("{8BC9CEB8-8B4A-11D0-8D11-00A0C91BC942}") = "templates", "templates\templates.vcxproj", "{613933BF-C89F-40AF-A687-3EEBFA4929F7}"
EndProject
Global
	GlobalSection(SolutionConfigurationPlatforms) = preSolution
		Debug|x64 = Debug|x64
		Debug|x86 = Debug|x86
		Release|x64 = Release|x64
		Release|x86 = Release|x86
	EndGlobalSection
	GlobalSection(ProjectConfigurationPlatforms) = postSolution
		{04806B97-0F96-4F95-8832-FC91556C52F9}.Debug|x64.ActiveCfg = Debug|x64
		{04806B97-0F96-4F95-8832-FC91556C52F9}.Debug|x64.Build.0 = Debug|x64
		{04806B97-0F96-4F95-8832-FC91556C52F9}.Debug|x86.ActiveCfg = Debug|Win32
		{04806B97-0F96-4F95-8832-FC91556C52F9}.Debug|x86.Build.0 = Debug|Win32
		{04806B97-0F96-4F95-8832-FC91556C52F9}.Release|x64.ActiveCfg = Release|x64
		{04806B97-0F96-4F95-8832-FC91556C52F9}.Release|x64.Build.0 = Release|x64
		{04806B97-0F96-4F95-8832-FC91556C52F9}.Release|x86.ActiveCfg = Release|Win32
		{04806B97-0F96-4F95-8832-FC91556C52F9}.Release|x86.Build.0 = Release|Win32
		{7EA1A4A2-911D-437C-8382-6FE92046032F}.Debug|x64.ActiveCfg = Debug|x64
		{7EA1A4A2-911D-437C-8382-6FE92046032F}.Debug|x64.Build.0 = Debug|x64
		{7EA1A4A2-911D-437C-8382-6FE92046032F}.Debug|x86.ActiveCfg = Debug|Win32
		{7EA1A4A2-911D-437C-8382-6FE92046032F}.Debug|x86.Build.0 = Debug|Win32
		{7EA1A4A2-911D-437C-8382-6FE92046032F}.Release|x64.ActiveCfg = Release|x64
		{7EA1A4A2-911D-437C-8382-6FE92046032F}.Release|x64.Build.0 = Release|x64
		{7EA1A4A2-911D-437C-8382-6FE92046032F}.Release|x86.ActiveCfg = Release|Win32
		{7EA1A4A2-911D-437C-8382-6FE92046032F}.Release|x86.Build.0 = Release|Win32
		{536F4339-ABFE-42F2-9E7B-B13E1E64113A}.Debug|x64.ActiveCfg = Debug|x64
		{536F4339-ABFE-42F2-9E7B-B13E1E64113A}.Debug|x64.Build.0 = Debug|x64
		{536F4339-ABFE-42F2-9E7B-B13E1E64113A}.Debug|x86.ActiveCfg = Debug|Win32
		{536F4339-ABFE-42F2-9E7B-B13E1E64113A}.Debug|x86.Build.0 = Debug|Win32
		{536F4339-ABFE-42F2-9E7B-B13E1E64113A}.Release|x64.ActiveCfg = Release|x64
		{536F4339-ABFE-42F2-9E7B-B13E1E64113A}.Release|x64.Build.0 = Release|x64
		{536F4339-ABFE-42F2-9E7B-B13E1E64113A}.Release|x86.ActiveCfg = Release|Win32
		{536F4339-ABFE-42F2-9E7B-B13E1E64113A}.Release|x86.Build.0 = Release|Win32
		{17227D95-79EE-4D8E-BC7D-E13EDD307D05}.Debug|x64.ActiveCfg = Debug|x64
		{17227D95-79EE-4D8E-BC7D-E13EDD307D05}.Debug|x64.Build.0 = Debug|x64
		{17227D95-79EE-4D8E-BC7D-E13EDD307D05}.Debug|x86.ActiveCfg = Debug|Win32
		{17227D95-79EE-4D8E-BC7D-E13EDD307D05}.Debug|x86.Build.0 = Debug|Win32
		{17227D95-79EE-4D8E-BC7D-E13EDD307D05}.Release|x64.ActiveCfg = Release|x64
		{17227D95-79EE-4D8E-BC7D-E13EDD307D05}.Release|x64.Build.0 = Release|x64
		{17227D95-79EE-4D8E-BC7D-E13EDD307D05}.Release|x86.ActiveCfg = Release|Win32
		{17227D95-79EE-4D8E-BC7D-E13EDD307D05}.Release|x86.Build.0 = Release|Win32
		{D4C66B99-EE4F-415C-B020-6A8C8CF4BA44}.Debug|x64.ActiveCfg = Debug|x64
		{D4C66B99-EE4F-415C-B020-6A8C8CF4BA44}.Debug|x64.Build.0 = Debug|x64
		{D4C66B99-EE4F-415C-B020-6A8C8CF4BA44}.Debug|x86.ActiveCfg = Debug|Win32
		{D4C66B99-EE4F-415C-B020-6A8C8CF4BA44}.Debug|x86.Build.0 = Debug|Win32
		{D4C66B99-EE4F-415C-B020-6A8C8CF4BA44}.Release|x64.ActiveCfg = Release|x64
		{D4C66B99-EE4F-415C-B020-6A8C8CF4BA44}.Release|x64.Build.0 = Release|x64
		{D4C66B99-EE4F-415C-B020-6A8C8CF4BA44}.Release|x86.ActiveCfg = Release|Win32
		{D4C66B99-EE4F-415C-B020-6A8C8CF4BA44}.Release|x86.Build.0 = Release|Win32
		{62454F44-77B9-4F76-B851-2472CD06CE4B}.Debug|x64.ActiveCfg = Debug|x64
		{62454F44-77B9-4F76-B851-2472CD06CE4B}.Debug|x64.Build.0 = Debug|x64
		{62454F44-77B9-4F76-B851-2472CD06CE4B}.Debug|x86.ActiveCfg = Debug|Win32
		{62454F44-77B9-4F76-B851-2472CD06CE4B}.Debug|x86.Build.0 = Debug|Win32
		{62454F44-77B9-4F76-B851-2472CD06CE4B}.Release|x64.ActiveCfg = Release|x64
		{62454F44-77B9-4F76-B851-2472CD06CE4B}.Release|x64.Build.0 = Release|x64
		{62454F44-77B9-4F76-B851-2472CD06CE4B}.Release|x86.ActiveCfg = Release|Win32
		{62454F44-77B9-4F76-B851-2472CD06CE4B}.Release|x86.Build.0 = Release|Win32
		{5FD1C7BE-87CC-482E-970E-15E596C17903}.Debug|x64.ActiveCfg = Debug|x64
		{5FD1C7BE-87CC-482E-970E-15E596C17903}.Debug|x64.Build.0 = Debug|x64
		{5FD1C7BE-87CC-482E-970E-15E596C17903}.Debug|x86.ActiveCfg = Debug|Win32
		{5FD1C7BE-87CC-482E-970E-15E596C17903}.Debug|x86.Build.0 = Debug|Win32
		{5FD1C7BE-87CC-482E-970E-15E596C17903}.Release|x64.ActiveCfg = Release|x64
		{5FD1C7BE-87CC-482E-970E-15E596C17903}.Release|x64.Build.0 = Release|x64
		{5FD1C7BE-87CC-482E-970E-15E596C17903}.Release|x86.ActiveCfg = Release|Win32
		{5FD1C7BE-87CC-482E-970E-15E596C17903}.Release|x86.Build.0 = Release|Win32
		{6619C8B1-3CFA-4D23-81D8-7085E300C83C}.Debug|x64.ActiveCfg = Debug|x64
		{6619C8B1-3CFA-4D23-81D8-7085E300C83C}.Debug|x64.Build.0 = Debug|x64
		{6619C8B1-3CFA-4D23-81D8-7085E300C83C}.Debug|x86.ActiveCfg = Debug|Win32
		{6619C8B1-3CFA-4D23-81D8-7085E300C83C}.Debug|x86.Build.0 = Debug|Win32
		{6619C8B1-3CFA-4D23-81D8-7085E300C83C}.Release|x64.ActiveCfg = Release|x64
		{6619C8B1-3CFA-4D23-81D8-7085E300C83C}.Release|x64.Build.0 = Release|x64
		{6619C8B1-3CFA-4D23-81D8-7085E300C83C}.Release|x86.ActiveCfg = Release|Win32
		{6619C8B1-3CFA-4D23-81D8-7085E300C83C}.Release|x86.Build.0 = Release|Win32
		{91147CA0-14D0-485F-B53B-EA11AD9F9489}.Debug|x64.ActiveCfg = Debug|x64
		{91147CA0-14D0-485F-B53B-EA11AD9F9489}.Debug|x64.Build.0 = Debug|x64
		{91147CA0-14D0-485F-B53B-EA11AD9F9489}.Debug|x86.ActiveCfg = Debug|Win32
		{91147CA0-14D0-485F-B53B-EA11AD9F9489}.Debug|x86.Build.0 = Debug|Win32
		{91147CA0-14D0-485F-B53B-EA11AD9F9489}.Release|x64.ActiveCfg = Release|x64
		{91147CA0-14D0-485F-B53B-EA11AD9F9489}.Release|x64.Build.0 = Release|x64
		{91147CA0-14D0-485F-B53B-EA11AD9F9489}.Release|x86.ActiveCfg = Release|Win32
		{91147CA0-14D0-485F-B53B-EA11AD9F9489}.Release|x86.Build.0 = Release|Win32
		{FEFD9324-67B9-4635-8B23-3872B2CDC32C}.Debug|x64.ActiveCfg = Debug|x64
		{FEFD9324-67B9-4635-8B23-3872B2CDC32C}.Debug|x64.Build.0 = Debug|x64
		{FEFD9324-67B9-4635-8B23-3872B2CDC32C}.Debug|x86.ActiveCfg = Debug|Win32
		{FEFD9324-67B9-4635-8B23-3872B2CDC32C}.Debug|x86.Build.0 = Debug|Win32
		{FEFD9324-67B9-4635-8B23-3872B2CDC32C}.Release|x64.ActiveCfg = Release|x64
		{FEFD9324-67B9-4635-8B23-3872B2CDC32C}.Release|x64.Build.0 = Release|x64
		{FEFD9324-67B9-4635-8B23-3872B2CDC32C}.Release|x86.ActiveCfg = Release|Win32
		{FEFD9324-67B9-4635-8B23-3872B2CDC32C}.Release|x86.Build.0 = Release|Win32
		{96C38DDF-3443-4D3D-AE7C-CCF0216DEB87}.Debug|x64.ActiveCfg = Debug|x64
		{96C38DDF-3443-4D3D-AE7C-CCF0216DEB87}.Debug|x64.Build.0 = Debug|x64
		{96C38DDF-3443-4D3D-AE7C-CCF0216DEB87}.Debug|x86.ActiveCfg = Debug|Win32
		{96C38DDF-3443-4D3D-AE7C-CCF0216DEB87}.Debug|x86.Build.0 = Debug|Win32
		{96C38DDF-3443-4D3D-AE7C-CCF0216DEB87}.Release|x64.ActiveCfg = Release|x64
		{96C38DDF-3443-4D3D-AE7C-CCF0216DEB87}.Release|x64.Build.0 = Release|x64
		{96C38DDF-3443-4D3D-AE7C-CCF0216DEB87}.Release|x86.ActiveCfg = Release|Win32
		{96C38DDF-3443-4D3D-AE7C-CCF0216DEB87}.Release|x86.Build.0 = Release|Win32
		{71D23400-6795-4947-B092-022FF14798EA}.Debug|x64.ActiveCfg = Debug|x64
		{71D23400-6795-4947-B092-022FF14798EA}.Debug|x64.Build.0 = Debug|x64
		{71D23400-6795-4947-B092-022FF14798EA}.Debug|x86.ActiveCfg = Debug|Win32
		{71D23400-6795-4947-B092-022FF14798EA}.Debug|x86.Build.0 = Debug|Win32
		{71D23400-6795-4947-B092-022FF14798EA}.Release|x64.ActiveCfg = Release|x64
		{71D23400-6795-4947-B092-022FF14798EA}.Release|x64.Build.0 = Release|x64
		{71D23400-6795-4947-B092-022FF14798EA}.Release|x86.ActiveCfg = Release|Win32
		{71D23400-6795-4947-B092-022FF14798EA}.Release|x86.Build.0 = Release|Win32
		{92CC1F22-80B7-4BBB-A693-946CCCAFE0AC}.Debug|x64.ActiveCfg = Debug|x64
		{92CC1F22-80B7-4BBB-A693-946CCCAFE0AC}.Debug|x64.Build.0 = Debug|x64
		{92CC1F22-80B7-4BBB-A693-946CCCAFE0AC}.Debug|x86.ActiveCfg = Debug|Win32
		{92CC1F22-80B7-4BBB-A693-946CCCAFE0AC}.Debug|x86.Build.0 = Debug|Win32
		{92CC1F22-80B7-4BBB-A693-946CCCAFE0AC}.Release|x64.ActiveCfg = Release|x64
		{92CC1F22-80B7-4BBB-A693-946CCCAFE0AC}.Release|x64.Build.0 = Release|x64
		{92CC1F22-80B7-4BBB-A693-946CCCAFE0AC}.Release|x86.ActiveCfg = Release|Win32
		{92CC1F22-80B7-4BBB-A693-946CCCAFE0AC}.Release|x86.Build.0 = Release|Win32
		{223E9F2D-CA88-403F-87C0-888C24CD53E5}.Debug|x64.ActiveCfg = Debug|x64
		{223E9F2D-CA88-403F-87C0-888C24CD53E5}.Debug|x64.Build.0 = Debug|x64
		{223E9F2D-CA88-403F-87C0-888C24CD53E5}.Debug|x86.ActiveCfg = Debug|Win32
		{223E9F2D-CA88-403F-87C0-888C24CD53E5}.Debug|x86.Build.0 = Debug|Win32
		{223E9F2D-CA88-403F-87C0-888C24CD53E5}.Release|x64.ActiveCfg = Release|x64
		{223E9F2D-CA88-403F-87C0-888C24CD53E5}.Release|x64.Build.0 = Release|x64
		{223E9F2D-CA88-403F-87C0-888C24CD53E5}.Release|x86.ActiveCfg = Release|Win32
		{223E9F2D-CA88-403F-87C0-888C24CD53E5}.Release|x86.Build.0 = Release|Win32
		{1A8B376F-2B77-4229-B474-8A296835F1BC}.Debug|x64.ActiveCfg = Debug|x64
		{1A8B376F-2B77-4229-B474-8A296835F1BC}.Debug|x64.Build.0 = Debug|x64
		{1A8B376F-2B77-4229-B474-8A296835F1BC}.Debug|x86.ActiveCfg = Debug|Win32
		{1A8B376F-2B77-4229-B474-8A296835F1BC}.Debug|x86.Build.0 = Debug|Win32
		{1A8B376F-2B77-4229-B474-8A296835F1BC}.Release|x64.ActiveCfg = Release|x64
		{1A8B376F-2B77-4229-B474-8A296835F1BC}.Release|x64.Build.0 = Release|x64
		{1A8B376F-2B77-4229-B474-8A296835F1BC}.Release|x86.ActiveCfg = Release|Win32
		{1A8B376F-2B77-4229-B474-8A296835F1BC}.Release|x86.Build.0 = Release|Win32
		{4FA745F6-2E69-4B39-9C32-76400F2D8B1F}.Debug|x64.ActiveCfg = Debug|x64
		{4FA745F6-2E69-4B39-9C32-76400F2D8B1F}.Debug|x64.Build.0 = Debug|x64
		{4FA745F6-2E69-4B39-9C32-76400F2D8B1F}.Debug|x86.ActiveCfg = Debug|Win32
		{4FA745F6-2E69-4B39-9C32-76400F2D8B1F}.Debug|x86.Build.0 = Debug|Win32
		{4FA745F6-2E69-4B39-9C32-76400F2D8B1F}.Release|x64.ActiveCfg = Release|x64
		{4FA745F6-2E69-4B39-9C32-76400F2D8B1F}.Release|x64.Build.0 = Release|x64
		{4FA745F6-2E69-4B39-9C32-76400F2D8B1F}.Release|x86.ActiveCfg = Release|Win32
		{4FA745F6-2E69-4B39-9C32-76400F2D8B1F}.Release|x86.Build.0 = Release|Win32
		{0E867ABE-6614-43B8-BACB-89BF338FA764}.Debug|x64.ActiveCfg = Debug|x64
		{0E867ABE-6614-43B8-BACB-89BF338FA764}.Debug|x64.Build.0 = Debug|x64
		{0E867ABE-6614-43B8-BACB-89BF338FA764}.Debug|x86.ActiveCfg = Debug|Win32
		{0E867ABE-6614-43B8-BACB-89BF338FA764}.Debug|x86.Build.0 = Debug|Win32
		{0E867ABE-6614-43B8-BACB-89BF338FA764}.Release|x64.ActiveCfg = Release|x64
		{0E867ABE-6614-43B8-BACB-89BF338FA764}.Release|x64.Build.0 = Release|x64
		{0E867ABE-6614-43B8-BACB-89BF338FA764}.Release|x86.ActiveCfg = Release|Win32
		{0E867ABE-6614-43B8-BACB-89BF338FA764}.Release|x86.Build.0 = Release|Win32
		{A6E40141-B93A-4D88-827B-7B2ABF9DA78A}.Debug|x64.ActiveCfg = Debug|x64
		{A6E40141-B93A-4D88-827B-7B2ABF9DA78A}.Debug|x64.Build.0 = Debug|x64
		{A6E40141-B93A-4D88-827B-7B2ABF9DA78A}.Debug|x86.ActiveCfg = Debug|Win32
		{A6E40141-B93A-4D88-827B-7B2ABF9DA78A}.Debug|x86.Build.0 = Debug|Win32
		{A6E40141-B93A-4D88-827B-7B2ABF9DA78A}.Release|x64.ActiveCfg = Release|x64
		{A6E40141-B93A-4D88-827B-7B2ABF9DA78A}.Release|x64.Build.0 = Release|x64
		{A6E40141-B93A-4D88-827B-7B2ABF9DA78A}.Release|x86.ActiveCfg = Release|Win32
		{A6E40141-B93A-4D88-827B-7B2ABF9DA78A}.Release|x86.Build.0 = Release|Win32
		{36C34B83-4357-490A-BF63-5E725EB8E88B}.Debug|x64.ActiveCfg = Debug|x64
		{36C34B83-4357-490A-BF63-5E725EB8E88B}.Debug|x64.Build.0 = Debug|x64
		{36C34B83-4357-490A-BF63-5E725EB8E88B}.Debug|x86.ActiveCfg = Debug|Win32
		{36C34B83-4357-490A-BF63-5E725EB8E88B}.Debug|x86.Build.0 = Debug|Win32
		{36C34B83-4357-490A-BF63-5E725EB8E88B}.Release|x64.ActiveCfg = Release|x64
		{36C34B83-4357-490A-BF63-5E725EB8E88B}.Release|x64.Build.0 = Release|x64
		{36C34B83-4357-490A-BF63-5E725EB8E88B}.Release|x86.ActiveCfg = Release|Win32
		{36C34B83-4357-490A-BF63-5E725EB8E88B}.Release|x86.Build.0 = Release|Win32
		{D561BAC4-1F8E-4488-BFE9-A8BCF35E85FD}.Debug|x64.ActiveCfg = Debug|x64
		{D561BAC4-1F8E-4488-BFE9-A8BCF35E85FD}.Debug|x64.Build.0 = Debug|x64
		{D561BAC4-1F8E-4488-BFE9-A8BCF35E85FD}.Debug|x86.ActiveCfg = Debug|Win32
		{D561BAC4-1F8E-4488-BFE9-A8BCF35E85FD}.Debug|x86.Build.0 = Debug|Win32
		{D561BAC4-1F8E-4488-BFE9-A8BCF35E85FD}.Release|x64.ActiveCfg = Release|x64
		{D561BAC4-1F8E-4488-BFE9-A8BCF35E85FD}.Release|x64.Build.0 = Release|x64
		{D561BAC4-1F8E-4488-BFE9-A8BCF35E85FD}.Release|x86.ActiveCfg = Release|Win32
		{D561BAC4-1F8E-4488-BFE9-A8BCF35E85FD}.Release|x86.Build.0 = Release|Win32
		{6634D1B8-2C37-4F4F-9434-03CCA98673A8}.Debug|x64.ActiveCfg = Debug|x64
		{6634D1B8-2C37-4F4F-9434-03CCA98673A8}.Debug|x64.Build.0 = Debug|x64
		{6634D1B8-2C37-4F4F-9434-03CCA98673A8}.Debug|x86.ActiveCfg = Debug|Win32
		{6634D1B8-2C37-4F4F-9434-03CCA98673A8}.Debug|x86.Build.0 = Debug|Win32
		{6634D1B8-2C37-4F4F-9434-03CCA98673A8}.Release|x64.ActiveCfg = Release|x64
		{6634D1B8-2C37-4F4F-9434-03CCA98673A8}.Release|x64.Build.0 = Release|x64
		{6634D1B8-2C37-4F4F-9434-03CCA98673A8}.Release|x86.ActiveCfg = Release|Win32
		{6634D1B8-2C37-4F4F-9434-03CCA98673A8}.Release|x86.Build.0 = Release|Win32
		{613933BF-C89F-40AF-A687-3EEBFA4929F7}.Debug|x64.ActiveCfg = Debug|x64
		{613933BF-C89F-40AF-A687-3EEBFA4929F7}.Debug|x64.Build.0 = Debug|x64
		{613933BF-C89F-40AF-A687-3EEBFA4929F7}.Debug|x86.ActiveCfg = Debug|Win32
		{613933BF-C89F-40AF-A687-3EEBFA4929F7}.Debug|x86.Build.0 = Debug|Win32
		{613933BF-C89F-40AF-A687-3EEBFA4929F7}.Release|x64.ActiveCfg = Release|x64
		{613933BF-C89F-40AF-A687-3EEBFA4929F7}.Release|x64.Build.0 = Release|x64
		{613933BF-C89F-40AF-A687-3EEBFA4929F7}.Release|x86.ActiveCfg = Release|Win32
		{613933BF-C89F-40AF-A687-3EEBFA4929F7}.Release|x86.Build.0 = Release|Win32
	EndGlobalSection
	GlobalSection(SolutionProperties) = preSolution
		HideSolutionNode = FALSE
	EndGlobalSection
	GlobalSection(ExtensibilityGlobals) = postSolution
		SolutionGuid = {2C2D8CB7-4BC4-440D-A798-4E8BC7D51415}
	EndGlobalSection
EndGlobal
